
Microsoft Visual Studio Solution File, Format Version 12.00
# Visual Studio Version 17
VisualStudioVersion = 17.12.35323.107
MinimumVisualStudioVersion = 10.0.40219.1
Project("{FAE04EC0-301F-11D3-BF4B-00C04F79EFBC}") = "Zippy", "Zippy.csproj", "{EAD13F70-447B-4577-B601-31231F3D4EB4}"
EndProject
Global
	GlobalSection(SolutionConfigurationPlatforms) = preSolution
		Debug|Any CPU = Debug|Any CPU
		Release|Any CPU = Release|Any CPU
	EndGlobalSection
	GlobalSection(ProjectConfigurationPlatforms) = postSolution
		{EAD13F70-447B-4577-B601-31231F3D4EB4}.Debug|Any CPU.ActiveCfg = Debug|Any CPU
		{EAD13F70-447B-4577-B601-31231F3D4EB4}.Debug|Any CPU.Build.0 = Debug|Any CPU
		{EAD13F70-447B-4577-B601-31231F3D4EB4}.Release|Any CPU.ActiveCfg = Release|Any CPU
		{EAD13F70-447B-4577-B601-31231F3D4EB4}.Release|Any CPU.Build.0 = Release|Any CPU
	EndGlobalSection
	GlobalSection(SolutionProperties) = preSolution
		HideSolutionNode = FALSE
	EndGlobalSection
	GlobalSection(ExtensibilityGlobals) = postSolution
		SolutionGuid = {2112BE0B-1F4F-4293-9033-07CB1BB39891}
	EndGlobalSection
EndGlobal
